
Microsoft Visual Studio Solution File, Format Version 12.00
# Visual Studio Version 17
VisualStudioVersion = 17.4.33205.214
MinimumVisualStudioVersion = 10.0.40219.1
Project("{888888A0-9F3D-457C-B088-3A5042F75D52}") = "Vigadeotsig", "Vigadeotsig.pyproj", "{EF873673-2498-4E01-9CAB-FD054BCF96C9}"
EndProject
Global
	GlobalSection(SolutionConfigurationPlatforms) = preSolution
		Debug|Any CPU = Debug|Any CPU
		Release|Any CPU = Release|Any CPU
	EndGlobalSection
	GlobalSection(ProjectConfigurationPlatforms) = postSolution
		{EF873673-2498-4E01-9CAB-FD054BCF96C9}.Debug|Any CPU.ActiveCfg = Debug|Any CPU
		{EF873673-2498-4E01-9CAB-FD054BCF96C9}.Release|Any CPU.ActiveCfg = Release|Any CPU
	EndGlobalSection
	GlobalSection(SolutionProperties) = preSolution
		HideSolutionNode = FALSE
	EndGlobalSection
	GlobalSection(ExtensibilityGlobals) = postSolution
		SolutionGuid = {0E7CD739-9B0C-4515-AFD9-3068714268BB}
	EndGlobalSection
EndGlobal
